
Microsoft Visual Studio Solution File, Format Version 12.00
# Visual Studio Version 17
VisualStudioVersion = 17.0.31903.59
MinimumVisualStudioVersion = 10.0.40219.1
Project("{FAE04EC0-301F-11D3-BF4B-00C04F79EFBC}") = "API", "API\API.csproj", "{F536F62C-EC3B-4F3C-96C5-9946D3AD0A26}"
EndProject
Project("{FAE04EC0-301F-11D3-BF4B-00C04F79EFBC}") = "Core", "Core\Core.csproj", "{1904587D-B001-466D-B4FB-BA84F432FC25}"
EndProject
Project("{FAE04EC0-301F-11D3-BF4B-00C04F79EFBC}") = "Infrastructure", "Infrastructure\Infrastructure.csproj", "{8403B1AE-EAA7-4A64-A0F2-FBBDB6264CBB}"
EndProject
Global
	GlobalSection(SolutionConfigurationPlatforms) = preSolution
		Debug|Any CPU = Debug|Any CPU
		Release|Any CPU = Release|Any CPU
	EndGlobalSection
	GlobalSection(SolutionProperties) = preSolution
		HideSolutionNode = FALSE
	EndGlobalSection
	GlobalSection(ProjectConfigurationPlatforms) = postSolution
		{F536F62C-EC3B-4F3C-96C5-9946D3AD0A26}.Debug|Any CPU.ActiveCfg = Debug|Any CPU
		{F536F62C-EC3B-4F3C-96C5-9946D3AD0A26}.Debug|Any CPU.Build.0 = Debug|Any CPU
		{F536F62C-EC3B-4F3C-96C5-9946D3AD0A26}.Release|Any CPU.ActiveCfg = Release|Any CPU
		{F536F62C-EC3B-4F3C-96C5-9946D3AD0A26}.Release|Any CPU.Build.0 = Release|Any CPU
		{1904587D-B001-466D-B4FB-BA84F432FC25}.Debug|Any CPU.ActiveCfg = Debug|Any CPU
		{1904587D-B001-466D-B4FB-BA84F432FC25}.Debug|Any CPU.Build.0 = Debug|Any CPU
		{1904587D-B001-466D-B4FB-BA84F432FC25}.Release|Any CPU.ActiveCfg = Release|Any CPU
		{1904587D-B001-466D-B4FB-BA84F432FC25}.Release|Any CPU.Build.0 = Release|Any CPU
		{8403B1AE-EAA7-4A64-A0F2-FBBDB6264CBB}.Debug|Any CPU.ActiveCfg = Debug|Any CPU
		{8403B1AE-EAA7-4A64-A0F2-FBBDB6264CBB}.Debug|Any CPU.Build.0 = Debug|Any CPU
		{8403B1AE-EAA7-4A64-A0F2-FBBDB6264CBB}.Release|Any CPU.ActiveCfg = Release|Any CPU
		{8403B1AE-EAA7-4A64-A0F2-FBBDB6264CBB}.Release|Any CPU.Build.0 = Release|Any CPU
	EndGlobalSection
EndGlobal
